
Microsoft Visual Studio Solution File, Format Version 12.00
# Visual Studio 15
VisualStudioVersion = 15.0.28010.2003
MinimumVisualStudioVersion = 10.0.40219.1
Project("{FAE04EC0-301F-11D3-BF4B-00C04F79EFBC}") = "AutomobiliaiPSP1", "AutomobiliaiPSP1\AutomobiliaiPSP1.csproj", "{AF604B25-1A85-4A10-935B-E56DD5CA828C}"
EndProject
Global
	GlobalSection(SolutionConfigurationPlatforms) = preSolution
		Debug|Any CPU = Debug|Any CPU
		Release|Any CPU = Release|Any CPU
	EndGlobalSection
	GlobalSection(ProjectConfigurationPlatforms) = postSolution
		{AF604B25-1A85-4A10-935B-E56DD5CA828C}.Debug|Any CPU.ActiveCfg = Debug|Any CPU
		{AF604B25-1A85-4A10-935B-E56DD5CA828C}.Debug|Any CPU.Build.0 = Debug|Any CPU
		{AF604B25-1A85-4A10-935B-E56DD5CA828C}.Release|Any CPU.ActiveCfg = Release|Any CPU
		{AF604B25-1A85-4A10-935B-E56DD5CA828C}.Release|Any CPU.Build.0 = Release|Any CPU
	EndGlobalSection
	GlobalSection(SolutionProperties) = preSolution
		HideSolutionNode = FALSE
	EndGlobalSection
	GlobalSection(ExtensibilityGlobals) = postSolution
		SolutionGuid = {F7BF41D9-7E0D-4852-82D0-D82C76589BDC}
	EndGlobalSection
EndGlobal
